{
  "name": "@jasongilbertuk/control-table",
  "version": "1.0.0",
  "lockfileVersion": 1,
  "requires": true,
  "dependencies": {
    "@jasongilbertuk/dynamo-helper": {
      "version": "1.0.4",
      "resolved": "https://registry.npmjs.org/@jasongilbertuk/dynamo-helper/-/dynamo-helper-1.0.4.tgz",
      "integrity": "sha512-1OUpRXGMk3mutv4UZH5lzD1mCKrIZO/pD3QMMYH5msKY9BpXtN/qzjW6Im/xUp6ynAKTvI5YpymTMbDl8SCHKQ=="
    }
  }
}
